
Microsoft Visual Studio Solution File, Format Version 12.00
# Visual Studio Version 17
VisualStudioVersion = 17.4.33213.308
MinimumVisualStudioVersion = 10.0.40219.1
Project("{FAE04EC0-301F-11D3-BF4B-00C04F79EFBC}") = "FormatNames", "FormatNames.csproj", "{3E282438-66E2-4193-9E58-43FAEE931AAF}"
EndProject
Global
	GlobalSection(SolutionConfigurationPlatforms) = preSolution
		Debug|Any CPU = Debug|Any CPU
		Release|Any CPU = Release|Any CPU
	EndGlobalSection
	GlobalSection(ProjectConfigurationPlatforms) = postSolution
		{3E282438-66E2-4193-9E58-43FAEE931AAF}.Debug|Any CPU.ActiveCfg = Debug|Any CPU
		{3E282438-66E2-4193-9E58-43FAEE931AAF}.Debug|Any CPU.Build.0 = Debug|Any CPU
		{3E282438-66E2-4193-9E58-43FAEE931AAF}.Release|Any CPU.ActiveCfg = Release|Any CPU
		{3E282438-66E2-4193-9E58-43FAEE931AAF}.Release|Any CPU.Build.0 = Release|Any CPU
	EndGlobalSection
	GlobalSection(SolutionProperties) = preSolution
		HideSolutionNode = FALSE
	EndGlobalSection
	GlobalSection(ExtensibilityGlobals) = postSolution
		SolutionGuid = {6C2E286A-CD15-42E9-A6A4-25A4AC4E147C}
	EndGlobalSection
EndGlobal
